
Microsoft Visual Studio Solution File, Format Version 12.00
# Visual Studio Version 17
VisualStudioVersion = 17.2.32616.157
MinimumVisualStudioVersion = 10.0.40219.1
Project("{9A19103F-16F7-4668-BE54-9A1E7A4F7556}") = "ConsoleApp", "ConsoleApp\ConsoleApp.csproj", "{B0EEFB76-0FF8-45FA-9B75-96377E308B3A}"
EndProject
Project("{FAE04EC0-301F-11D3-BF4B-00C04F79EFBC}") = "ConsoleApp.Application.Development", "..\ConsoleApp.Application.Development\ConsoleApp.Application.Development.csproj", "{A19B0DB3-2988-47E6-96FE-54F729B52559}"
EndProject
Project("{FAE04EC0-301F-11D3-BF4B-00C04F79EFBC}") = "ConsoleApp.Application.Testing", "..\ConsoleApp.Application.Testing\ConsoleApp.Application.Testing.csproj", "{D2E4EFF0-3F94-497D-A3B7-0875AEC8C3D6}"
EndProject
Global
	GlobalSection(SolutionConfigurationPlatforms) = preSolution
		Debug|Any CPU = Debug|Any CPU
		Release|Any CPU = Release|Any CPU
	EndGlobalSection
	GlobalSection(ProjectConfigurationPlatforms) = postSolution
		{B0EEFB76-0FF8-45FA-9B75-96377E308B3A}.Debug|Any CPU.ActiveCfg = Debug|Any CPU
		{B0EEFB76-0FF8-45FA-9B75-96377E308B3A}.Debug|Any CPU.Build.0 = Debug|Any CPU
		{B0EEFB76-0FF8-45FA-9B75-96377E308B3A}.Release|Any CPU.ActiveCfg = Release|Any CPU
		{B0EEFB76-0FF8-45FA-9B75-96377E308B3A}.Release|Any CPU.Build.0 = Release|Any CPU
		{A19B0DB3-2988-47E6-96FE-54F729B52559}.Debug|Any CPU.ActiveCfg = Debug|Any CPU
		{A19B0DB3-2988-47E6-96FE-54F729B52559}.Debug|Any CPU.Build.0 = Debug|Any CPU
		{A19B0DB3-2988-47E6-96FE-54F729B52559}.Release|Any CPU.ActiveCfg = Release|Any CPU
		{A19B0DB3-2988-47E6-96FE-54F729B52559}.Release|Any CPU.Build.0 = Release|Any CPU
		{D2E4EFF0-3F94-497D-A3B7-0875AEC8C3D6}.Debug|Any CPU.ActiveCfg = Debug|Any CPU
		{D2E4EFF0-3F94-497D-A3B7-0875AEC8C3D6}.Debug|Any CPU.Build.0 = Debug|Any CPU
		{D2E4EFF0-3F94-497D-A3B7-0875AEC8C3D6}.Release|Any CPU.ActiveCfg = Release|Any CPU
		{D2E4EFF0-3F94-497D-A3B7-0875AEC8C3D6}.Release|Any CPU.Build.0 = Release|Any CPU
	EndGlobalSection
	GlobalSection(SolutionProperties) = preSolution
		HideSolutionNode = FALSE
	EndGlobalSection
	GlobalSection(ExtensibilityGlobals) = postSolution
		SolutionGuid = {66003AC4-BA4D-44E4-8D22-95C43E4DC8DC}
	EndGlobalSection
EndGlobal
